
Microsoft Visual Studio Solution File, Format Version 12.00
# Visual Studio 15
VisualStudioVersion = 15.0.28307.902
MinimumVisualStudioVersion = 10.0.40219.1
Project("{FAE04EC0-301F-11D3-BF4B-00C04F79EFBC}") = "Game2", "Game2\Game2.csproj", "{556B4B3F-BEF1-46B0-B63C-67201639CEBD}"
EndProject
Global
	GlobalSection(SolutionConfigurationPlatforms) = preSolution
		Debug|x86 = Debug|x86
		Release|x86 = Release|x86
	EndGlobalSection
	GlobalSection(ProjectConfigurationPlatforms) = postSolution
		{556B4B3F-BEF1-46B0-B63C-67201639CEBD}.Debug|x86.ActiveCfg = Debug|x86
		{556B4B3F-BEF1-46B0-B63C-67201639CEBD}.Debug|x86.Build.0 = Debug|x86
		{556B4B3F-BEF1-46B0-B63C-67201639CEBD}.Release|x86.ActiveCfg = Release|x86
		{556B4B3F-BEF1-46B0-B63C-67201639CEBD}.Release|x86.Build.0 = Release|x86
	EndGlobalSection
	GlobalSection(SolutionProperties) = preSolution
		HideSolutionNode = FALSE
	EndGlobalSection
	GlobalSection(ExtensibilityGlobals) = postSolution
		SolutionGuid = {7AA57AA2-0280-4782-9358-CA6C5C2C65ED}
	EndGlobalSection
EndGlobal
